
Microsoft Visual Studio Solution File, Format Version 12.00
# Visual Studio 14
VisualStudioVersion = 14.0.25123.0
MinimumVisualStudioVersion = 10.0.40219.1
Project("{2150E333-8FDC-42A3-9474-1A3956D46DE8}") = "Creational", "Creational", "{8E9889F1-2F90-4540-AC1B-C388D4CAEBB5}"
EndProject
Project("{FAE04EC0-301F-11D3-BF4B-00C04F79EFBC}") = "AbstractFactory", "AbstractFactory\AbstractFactory.csproj", "{1BB6B9ED-718B-4806-9E54-DBE9244C2184}"
EndProject
Project("{FAE04EC0-301F-11D3-BF4B-00C04F79EFBC}") = "AbstractFactoryClient", "AbstractFactoryClient\AbstractFactoryClient.csproj", "{81A41F17-7A0D-4D48-B757-CA727A1EFC24}"
EndProject
Project("{FAE04EC0-301F-11D3-BF4B-00C04F79EFBC}") = "BuilderClient", "BuilderClient\BuilderClient.csproj", "{18A53209-D800-49C0-86F0-AEFE904D361E}"
EndProject
Project("{FAE04EC0-301F-11D3-BF4B-00C04F79EFBC}") = "Builder", "Builder\Builder.csproj", "{9E4ED8B7-DD60-44CC-B600-50298806211C}"
EndProject
Project("{FAE04EC0-301F-11D3-BF4B-00C04F79EFBC}") = "Common", "Common\Common.csproj", "{22763B54-A0AD-4E8C-96FB-81454591DBE6}"
EndProject
Project("{FAE04EC0-301F-11D3-BF4B-00C04F79EFBC}") = "FactoryMethod", "FactoryMethod\FactoryMethod.csproj", "{5267070C-33DE-4C7B-AD0B-8587FA0AE388}"
EndProject
Project("{FAE04EC0-301F-11D3-BF4B-00C04F79EFBC}") = "FactoryMethodClient", "FactoryMethodClient\FactoryMethodClient.csproj", "{0C0CCD35-5F5A-4310-B89C-EEA00EA3F0CC}"
EndProject
Project("{FAE04EC0-301F-11D3-BF4B-00C04F79EFBC}") = "Prototype", "Prototype\Prototype.csproj", "{0D6CAC06-172D-4E1A-BA0C-49E13F54EDDD}"
EndProject
Project("{FAE04EC0-301F-11D3-BF4B-00C04F79EFBC}") = "PrototypeClient", "PrototypeClient\PrototypeClient.csproj", "{04C413B2-A603-4C36-8E14-5DE56343759D}"
EndProject
Project("{FAE04EC0-301F-11D3-BF4B-00C04F79EFBC}") = "Singleton", "Singleton\Singleton.csproj", "{600F9A5C-5249-4512-8F25-346B386FB0FE}"
EndProject
Project("{FAE04EC0-301F-11D3-BF4B-00C04F79EFBC}") = "SingletonClient", "SingletonClient\SingletonClient.csproj", "{50C293A5-727E-4ED4-9C99-1262195D1BEE}"
EndProject
Project("{2150E333-8FDC-42A3-9474-1A3956D46DE8}") = "Solution Items", "Solution Items", "{F98E1B91-7801-42B6-84B4-311005042D19}"
	ProjectSection(SolutionItems) = preProject
		Notes.txt = Notes.txt
	EndProjectSection
EndProject
Project("{2150E333-8FDC-42A3-9474-1A3956D46DE8}") = "Structural", "Structural", "{110DDF9F-F6D4-4947-B431-D803E1F0FFC1}"
EndProject
Project("{FAE04EC0-301F-11D3-BF4B-00C04F79EFBC}") = "Adapter", "Adapter\Adapter.csproj", "{E8923AAA-A887-4534-B7D2-64E9B81F7184}"
EndProject
Project("{FAE04EC0-301F-11D3-BF4B-00C04F79EFBC}") = "AdapterClient", "AdapterClient\AdapterClient.csproj", "{DB7CDBB4-03BE-4F90-9FD5-0CF711D11508}"
EndProject
Project("{FAE04EC0-301F-11D3-BF4B-00C04F79EFBC}") = "BridgeClient", "BridgeClient\BridgeClient.csproj", "{40A070D6-E019-4FFB-A72A-ABE0A00E374C}"
EndProject
Project("{FAE04EC0-301F-11D3-BF4B-00C04F79EFBC}") = "CompositeClient", "CompositeClient\CompositeClient.csproj", "{D0F2FE1F-BAB4-428D-9C7B-AC0127DBB9BB}"
EndProject
Project("{FAE04EC0-301F-11D3-BF4B-00C04F79EFBC}") = "DecoratorClient", "DecoratorClient\DecoratorClient.csproj", "{CB04A49D-3700-44CA-97F0-3169AC77C224}"
EndProject
Project("{FAE04EC0-301F-11D3-BF4B-00C04F79EFBC}") = "FacadeClient", "FacadeClient\FacadeClient.csproj", "{9E2E402C-0515-47D4-A877-567EB6AE66BB}"
EndProject
Project("{FAE04EC0-301F-11D3-BF4B-00C04F79EFBC}") = "FlyweightClient", "FlyweightClient\FlyweightClient.csproj", "{3295E5EB-BF81-4E83-8F0B-99FFD040A724}"
EndProject
Project("{FAE04EC0-301F-11D3-BF4B-00C04F79EFBC}") = "ProxyClient", "ProxyClient\ProxyClient.csproj", "{03505E8D-6564-4B2B-A011-E8919142C976}"
EndProject
Project("{FAE04EC0-301F-11D3-BF4B-00C04F79EFBC}") = "Bridge", "Bridge\Bridge.csproj", "{33083835-0BCC-4428-BA4F-FD40B62C3D43}"
EndProject
Global
	GlobalSection(SolutionConfigurationPlatforms) = preSolution
		Debug|Any CPU = Debug|Any CPU
		Release|Any CPU = Release|Any CPU
	EndGlobalSection
	GlobalSection(ProjectConfigurationPlatforms) = postSolution
		{1BB6B9ED-718B-4806-9E54-DBE9244C2184}.Debug|Any CPU.ActiveCfg = Debug|Any CPU
		{1BB6B9ED-718B-4806-9E54-DBE9244C2184}.Debug|Any CPU.Build.0 = Debug|Any CPU
		{1BB6B9ED-718B-4806-9E54-DBE9244C2184}.Release|Any CPU.ActiveCfg = Release|Any CPU
		{1BB6B9ED-718B-4806-9E54-DBE9244C2184}.Release|Any CPU.Build.0 = Release|Any CPU
		{81A41F17-7A0D-4D48-B757-CA727A1EFC24}.Debug|Any CPU.ActiveCfg = Debug|Any CPU
		{81A41F17-7A0D-4D48-B757-CA727A1EFC24}.Debug|Any CPU.Build.0 = Debug|Any CPU
		{81A41F17-7A0D-4D48-B757-CA727A1EFC24}.Release|Any CPU.ActiveCfg = Release|Any CPU
		{81A41F17-7A0D-4D48-B757-CA727A1EFC24}.Release|Any CPU.Build.0 = Release|Any CPU
		{18A53209-D800-49C0-86F0-AEFE904D361E}.Debug|Any CPU.ActiveCfg = Debug|Any CPU
		{18A53209-D800-49C0-86F0-AEFE904D361E}.Debug|Any CPU.Build.0 = Debug|Any CPU
		{18A53209-D800-49C0-86F0-AEFE904D361E}.Release|Any CPU.ActiveCfg = Release|Any CPU
		{18A53209-D800-49C0-86F0-AEFE904D361E}.Release|Any CPU.Build.0 = Release|Any CPU
		{9E4ED8B7-DD60-44CC-B600-50298806211C}.Debug|Any CPU.ActiveCfg = Debug|Any CPU
		{9E4ED8B7-DD60-44CC-B600-50298806211C}.Debug|Any CPU.Build.0 = Debug|Any CPU
		{9E4ED8B7-DD60-44CC-B600-50298806211C}.Release|Any CPU.ActiveCfg = Release|Any CPU
		{9E4ED8B7-DD60-44CC-B600-50298806211C}.Release|Any CPU.Build.0 = Release|Any CPU
		{22763B54-A0AD-4E8C-96FB-81454591DBE6}.Debug|Any CPU.ActiveCfg = Debug|Any CPU
		{22763B54-A0AD-4E8C-96FB-81454591DBE6}.Debug|Any CPU.Build.0 = Debug|Any CPU
		{22763B54-A0AD-4E8C-96FB-81454591DBE6}.Release|Any CPU.ActiveCfg = Release|Any CPU
		{22763B54-A0AD-4E8C-96FB-81454591DBE6}.Release|Any CPU.Build.0 = Release|Any CPU
		{5267070C-33DE-4C7B-AD0B-8587FA0AE388}.Debug|Any CPU.ActiveCfg = Debug|Any CPU
		{5267070C-33DE-4C7B-AD0B-8587FA0AE388}.Debug|Any CPU.Build.0 = Debug|Any CPU
		{5267070C-33DE-4C7B-AD0B-8587FA0AE388}.Release|Any CPU.ActiveCfg = Release|Any CPU
		{5267070C-33DE-4C7B-AD0B-8587FA0AE388}.Release|Any CPU.Build.0 = Release|Any CPU
		{0C0CCD35-5F5A-4310-B89C-EEA00EA3F0CC}.Debug|Any CPU.ActiveCfg = Debug|Any CPU
		{0C0CCD35-5F5A-4310-B89C-EEA00EA3F0CC}.Debug|Any CPU.Build.0 = Debug|Any CPU
		{0C0CCD35-5F5A-4310-B89C-EEA00EA3F0CC}.Release|Any CPU.ActiveCfg = Release|Any CPU
		{0C0CCD35-5F5A-4310-B89C-EEA00EA3F0CC}.Release|Any CPU.Build.0 = Release|Any CPU
		{0D6CAC06-172D-4E1A-BA0C-49E13F54EDDD}.Debug|Any CPU.ActiveCfg = Debug|Any CPU
		{0D6CAC06-172D-4E1A-BA0C-49E13F54EDDD}.Debug|Any CPU.Build.0 = Debug|Any CPU
		{0D6CAC06-172D-4E1A-BA0C-49E13F54EDDD}.Release|Any CPU.ActiveCfg = Release|Any CPU
		{0D6CAC06-172D-4E1A-BA0C-49E13F54EDDD}.Release|Any CPU.Build.0 = Release|Any CPU
		{04C413B2-A603-4C36-8E14-5DE56343759D}.Debug|Any CPU.ActiveCfg = Debug|Any CPU
		{04C413B2-A603-4C36-8E14-5DE56343759D}.Debug|Any CPU.Build.0 = Debug|Any CPU
		{04C413B2-A603-4C36-8E14-5DE56343759D}.Release|Any CPU.ActiveCfg = Release|Any CPU
		{04C413B2-A603-4C36-8E14-5DE56343759D}.Release|Any CPU.Build.0 = Release|Any CPU
		{600F9A5C-5249-4512-8F25-346B386FB0FE}.Debug|Any CPU.ActiveCfg = Debug|Any CPU
		{600F9A5C-5249-4512-8F25-346B386FB0FE}.Debug|Any CPU.Build.0 = Debug|Any CPU
		{600F9A5C-5249-4512-8F25-346B386FB0FE}.Release|Any CPU.ActiveCfg = Release|Any CPU
		{600F9A5C-5249-4512-8F25-346B386FB0FE}.Release|Any CPU.Build.0 = Release|Any CPU
		{50C293A5-727E-4ED4-9C99-1262195D1BEE}.Debug|Any CPU.ActiveCfg = Debug|Any CPU
		{50C293A5-727E-4ED4-9C99-1262195D1BEE}.Debug|Any CPU.Build.0 = Debug|Any CPU
		{50C293A5-727E-4ED4-9C99-1262195D1BEE}.Release|Any CPU.ActiveCfg = Release|Any CPU
		{50C293A5-727E-4ED4-9C99-1262195D1BEE}.Release|Any CPU.Build.0 = Release|Any CPU
		{E8923AAA-A887-4534-B7D2-64E9B81F7184}.Debug|Any CPU.ActiveCfg = Debug|Any CPU
		{E8923AAA-A887-4534-B7D2-64E9B81F7184}.Debug|Any CPU.Build.0 = Debug|Any CPU
		{E8923AAA-A887-4534-B7D2-64E9B81F7184}.Release|Any CPU.ActiveCfg = Release|Any CPU
		{E8923AAA-A887-4534-B7D2-64E9B81F7184}.Release|Any CPU.Build.0 = Release|Any CPU
		{DB7CDBB4-03BE-4F90-9FD5-0CF711D11508}.Debug|Any CPU.ActiveCfg = Debug|Any CPU
		{DB7CDBB4-03BE-4F90-9FD5-0CF711D11508}.Debug|Any CPU.Build.0 = Debug|Any CPU
		{DB7CDBB4-03BE-4F90-9FD5-0CF711D11508}.Release|Any CPU.ActiveCfg = Release|Any CPU
		{DB7CDBB4-03BE-4F90-9FD5-0CF711D11508}.Release|Any CPU.Build.0 = Release|Any CPU
		{40A070D6-E019-4FFB-A72A-ABE0A00E374C}.Debug|Any CPU.ActiveCfg = Debug|Any CPU
		{40A070D6-E019-4FFB-A72A-ABE0A00E374C}.Debug|Any CPU.Build.0 = Debug|Any CPU
		{40A070D6-E019-4FFB-A72A-ABE0A00E374C}.Release|Any CPU.ActiveCfg = Release|Any CPU
		{40A070D6-E019-4FFB-A72A-ABE0A00E374C}.Release|Any CPU.Build.0 = Release|Any CPU
		{D0F2FE1F-BAB4-428D-9C7B-AC0127DBB9BB}.Debug|Any CPU.ActiveCfg = Debug|Any CPU
		{D0F2FE1F-BAB4-428D-9C7B-AC0127DBB9BB}.Debug|Any CPU.Build.0 = Debug|Any CPU
		{D0F2FE1F-BAB4-428D-9C7B-AC0127DBB9BB}.Release|Any CPU.ActiveCfg = Release|Any CPU
		{D0F2FE1F-BAB4-428D-9C7B-AC0127DBB9BB}.Release|Any CPU.Build.0 = Release|Any CPU
		{CB04A49D-3700-44CA-97F0-3169AC77C224}.Debug|Any CPU.ActiveCfg = Debug|Any CPU
		{CB04A49D-3700-44CA-97F0-3169AC77C224}.Debug|Any CPU.Build.0 = Debug|Any CPU
		{CB04A49D-3700-44CA-97F0-3169AC77C224}.Release|Any CPU.ActiveCfg = Release|Any CPU
		{CB04A49D-3700-44CA-97F0-3169AC77C224}.Release|Any CPU.Build.0 = Release|Any CPU
		{9E2E402C-0515-47D4-A877-567EB6AE66BB}.Debug|Any CPU.ActiveCfg = Debug|Any CPU
		{9E2E402C-0515-47D4-A877-567EB6AE66BB}.Debug|Any CPU.Build.0 = Debug|Any CPU
		{9E2E402C-0515-47D4-A877-567EB6AE66BB}.Release|Any CPU.ActiveCfg = Release|Any CPU
		{9E2E402C-0515-47D4-A877-567EB6AE66BB}.Release|Any CPU.Build.0 = Release|Any CPU
		{3295E5EB-BF81-4E83-8F0B-99FFD040A724}.Debug|Any CPU.ActiveCfg = Debug|Any CPU
		{3295E5EB-BF81-4E83-8F0B-99FFD040A724}.Debug|Any CPU.Build.0 = Debug|Any CPU
		{3295E5EB-BF81-4E83-8F0B-99FFD040A724}.Release|Any CPU.ActiveCfg = Release|Any CPU
		{3295E5EB-BF81-4E83-8F0B-99FFD040A724}.Release|Any CPU.Build.0 = Release|Any CPU
		{03505E8D-6564-4B2B-A011-E8919142C976}.Debug|Any CPU.ActiveCfg = Debug|Any CPU
		{03505E8D-6564-4B2B-A011-E8919142C976}.Debug|Any CPU.Build.0 = Debug|Any CPU
		{03505E8D-6564-4B2B-A011-E8919142C976}.Release|Any CPU.ActiveCfg = Release|Any CPU
		{03505E8D-6564-4B2B-A011-E8919142C976}.Release|Any CPU.Build.0 = Release|Any CPU
		{33083835-0BCC-4428-BA4F-FD40B62C3D43}.Debug|Any CPU.ActiveCfg = Debug|Any CPU
		{33083835-0BCC-4428-BA4F-FD40B62C3D43}.Debug|Any CPU.Build.0 = Debug|Any CPU
		{33083835-0BCC-4428-BA4F-FD40B62C3D43}.Release|Any CPU.ActiveCfg = Release|Any CPU
		{33083835-0BCC-4428-BA4F-FD40B62C3D43}.Release|Any CPU.Build.0 = Release|Any CPU
	EndGlobalSection
	GlobalSection(SolutionProperties) = preSolution
		HideSolutionNode = FALSE
	EndGlobalSection
	GlobalSection(NestedProjects) = preSolution
		{1BB6B9ED-718B-4806-9E54-DBE9244C2184} = {8E9889F1-2F90-4540-AC1B-C388D4CAEBB5}
		{81A41F17-7A0D-4D48-B757-CA727A1EFC24} = {8E9889F1-2F90-4540-AC1B-C388D4CAEBB5}
		{18A53209-D800-49C0-86F0-AEFE904D361E} = {8E9889F1-2F90-4540-AC1B-C388D4CAEBB5}
		{9E4ED8B7-DD60-44CC-B600-50298806211C} = {8E9889F1-2F90-4540-AC1B-C388D4CAEBB5}
		{5267070C-33DE-4C7B-AD0B-8587FA0AE388} = {8E9889F1-2F90-4540-AC1B-C388D4CAEBB5}
		{0C0CCD35-5F5A-4310-B89C-EEA00EA3F0CC} = {8E9889F1-2F90-4540-AC1B-C388D4CAEBB5}
		{0D6CAC06-172D-4E1A-BA0C-49E13F54EDDD} = {8E9889F1-2F90-4540-AC1B-C388D4CAEBB5}
		{04C413B2-A603-4C36-8E14-5DE56343759D} = {8E9889F1-2F90-4540-AC1B-C388D4CAEBB5}
		{600F9A5C-5249-4512-8F25-346B386FB0FE} = {8E9889F1-2F90-4540-AC1B-C388D4CAEBB5}
		{50C293A5-727E-4ED4-9C99-1262195D1BEE} = {8E9889F1-2F90-4540-AC1B-C388D4CAEBB5}
		{E8923AAA-A887-4534-B7D2-64E9B81F7184} = {110DDF9F-F6D4-4947-B431-D803E1F0FFC1}
		{DB7CDBB4-03BE-4F90-9FD5-0CF711D11508} = {110DDF9F-F6D4-4947-B431-D803E1F0FFC1}
		{40A070D6-E019-4FFB-A72A-ABE0A00E374C} = {110DDF9F-F6D4-4947-B431-D803E1F0FFC1}
		{D0F2FE1F-BAB4-428D-9C7B-AC0127DBB9BB} = {110DDF9F-F6D4-4947-B431-D803E1F0FFC1}
		{CB04A49D-3700-44CA-97F0-3169AC77C224} = {110DDF9F-F6D4-4947-B431-D803E1F0FFC1}
		{9E2E402C-0515-47D4-A877-567EB6AE66BB} = {110DDF9F-F6D4-4947-B431-D803E1F0FFC1}
		{3295E5EB-BF81-4E83-8F0B-99FFD040A724} = {110DDF9F-F6D4-4947-B431-D803E1F0FFC1}
		{03505E8D-6564-4B2B-A011-E8919142C976} = {110DDF9F-F6D4-4947-B431-D803E1F0FFC1}
		{33083835-0BCC-4428-BA4F-FD40B62C3D43} = {110DDF9F-F6D4-4947-B431-D803E1F0FFC1}
	EndGlobalSection
EndGlobal
