
Microsoft Visual Studio Solution File, Format Version 12.00
# Visual Studio 15
VisualStudioVersion = 15.0.26730.16
MinimumVisualStudioVersion = 10.0.40219.1
Project("{FAE04EC0-301F-11D3-BF4B-00C04F79EFBC}") = "Web", "Web\Web.csproj", "{6C15238F-6918-495C-A0FC-82FBCDEFDB33}"
EndProject
Global
	GlobalSection(SolutionConfigurationPlatforms) = preSolution
		Debug|Any CPU = Debug|Any CPU
		Release|Any CPU = Release|Any CPU
	EndGlobalSection
	GlobalSection(ProjectConfigurationPlatforms) = postSolution
		{6C15238F-6918-495C-A0FC-82FBCDEFDB33}.Debug|Any CPU.ActiveCfg = Debug|Any CPU
		{6C15238F-6918-495C-A0FC-82FBCDEFDB33}.Debug|Any CPU.Build.0 = Debug|Any CPU
		{6C15238F-6918-495C-A0FC-82FBCDEFDB33}.Release|Any CPU.ActiveCfg = Release|Any CPU
		{6C15238F-6918-495C-A0FC-82FBCDEFDB33}.Release|Any CPU.Build.0 = Release|Any CPU
	EndGlobalSection
	GlobalSection(SolutionProperties) = preSolution
		HideSolutionNode = FALSE
	EndGlobalSection
	GlobalSection(ExtensibilityGlobals) = postSolution
		SolutionGuid = {EA220E0B-030C-4E58-827F-CB9A83ECACAC}
	EndGlobalSection
EndGlobal
